
Microsoft Visual Studio Solution File, Format Version 12.00
# Visual Studio Version 17
VisualStudioVersion = 17.2.32516.85
MinimumVisualStudioVersion = 10.0.40219.1
Project("{FAE04EC0-301F-11D3-BF4B-00C04F79EFBC}") = "nzl", "nzl.csproj", "{D50E052A-CA7A-4854-88B9-4C8BA768E8CC}"
EndProject
Global
	GlobalSection(SolutionConfigurationPlatforms) = preSolution
		Debug|Any CPU = Debug|Any CPU
		Release|Any CPU = Release|Any CPU
	EndGlobalSection
	GlobalSection(ProjectConfigurationPlatforms) = postSolution
		{D50E052A-CA7A-4854-88B9-4C8BA768E8CC}.Debug|Any CPU.ActiveCfg = Debug|Any CPU
		{D50E052A-CA7A-4854-88B9-4C8BA768E8CC}.Debug|Any CPU.Build.0 = Debug|Any CPU
		{D50E052A-CA7A-4854-88B9-4C8BA768E8CC}.Release|Any CPU.ActiveCfg = Release|Any CPU
		{D50E052A-CA7A-4854-88B9-4C8BA768E8CC}.Release|Any CPU.Build.0 = Release|Any CPU
	EndGlobalSection
	GlobalSection(SolutionProperties) = preSolution
		HideSolutionNode = FALSE
	EndGlobalSection
	GlobalSection(ExtensibilityGlobals) = postSolution
		SolutionGuid = {974D3EF9-E6DC-46F9-A5BD-629BED93059C}
	EndGlobalSection
EndGlobal
